
Microsoft Visual Studio Solution File, Format Version 12.00
# Visual Studio Version 17
VisualStudioVersion = 17.7.34024.191
MinimumVisualStudioVersion = 10.0.40219.1
Project("{2150E333-8FDC-42A3-9474-1A3956D46DE8}") = "Solution Items", "Solution Items", "{D9060E26-126C-464F-B8B5-4869FAF69931}"
EndProject
Project("{9A19103F-16F7-4668-BE54-9A1E7A4F7556}") = "ArHack23", "ArHack23\ArHack23.csproj", "{90F3F5AE-1F43-4FCA-A453-1459B286F8C7}"
EndProject
Global
	GlobalSection(SolutionConfigurationPlatforms) = preSolution
		Debug|Any CPU = Debug|Any CPU
		Release|Any CPU = Release|Any CPU
	EndGlobalSection
	GlobalSection(ProjectConfigurationPlatforms) = postSolution
		{90F3F5AE-1F43-4FCA-A453-1459B286F8C7}.Debug|Any CPU.ActiveCfg = Debug|Any CPU
		{90F3F5AE-1F43-4FCA-A453-1459B286F8C7}.Debug|Any CPU.Build.0 = Debug|Any CPU
		{90F3F5AE-1F43-4FCA-A453-1459B286F8C7}.Release|Any CPU.ActiveCfg = Release|Any CPU
		{90F3F5AE-1F43-4FCA-A453-1459B286F8C7}.Release|Any CPU.Build.0 = Release|Any CPU
	EndGlobalSection
	GlobalSection(SolutionProperties) = preSolution
		HideSolutionNode = FALSE
	EndGlobalSection
	GlobalSection(NestedProjects) = preSolution
		{90F3F5AE-1F43-4FCA-A453-1459B286F8C7} = {D9060E26-126C-464F-B8B5-4869FAF69931}
	EndGlobalSection
	GlobalSection(ExtensibilityGlobals) = postSolution
		SolutionGuid = {3C8E67F4-1C6C-41C0-8D66-7CBB627A9B68}
	EndGlobalSection
EndGlobal
