
Microsoft Visual Studio Solution File, Format Version 12.00
# Visual Studio 15
Project("{FAE04EC0-301F-11D3-BF4B-00C04F79EFBC}") = "CW.Common", "CW.Common.csproj", "{226CF4E9-4866-9F60-4DE1-5BB622BEB287}"
EndProject
Project("{FAE04EC0-301F-11D3-BF4B-00C04F79EFBC}") = "LeanCommon", "LeanCommon.csproj", "{813D2413-9832-884A-E2CF-082B39BC3EDC}"
EndProject
Project("{FAE04EC0-301F-11D3-BF4B-00C04F79EFBC}") = "LeanTouch", "LeanTouch.csproj", "{81221F20-98F3-5414-2E0E-06F211134770}"
EndProject
Project("{FAE04EC0-301F-11D3-BF4B-00C04F79EFBC}") = "Assembly-CSharp", "Assembly-CSharp.csproj", "{133A108D-BFB8-6049-53F7-A2AE40691919}"
EndProject
Global
	GlobalSection(SolutionConfigurationPlatforms) = preSolution
		Debug|Any CPU = Debug|Any CPU
		Release|Any CPU = Release|Any CPU
	EndGlobalSection
	GlobalSection(ProjectConfigurationPlatforms) = postSolution
		{226CF4E9-4866-9F60-4DE1-5BB622BEB287}.Debug|Any CPU.ActiveCfg = Debug|Any CPU
		{226CF4E9-4866-9F60-4DE1-5BB622BEB287}.Debug|Any CPU.Build.0 = Debug|Any CPU
		{226CF4E9-4866-9F60-4DE1-5BB622BEB287}.Release|Any CPU.ActiveCfg = Release|Any CPU
		{226CF4E9-4866-9F60-4DE1-5BB622BEB287}.Release|Any CPU.Build.0 = Release|Any CPU
		{813D2413-9832-884A-E2CF-082B39BC3EDC}.Debug|Any CPU.ActiveCfg = Debug|Any CPU
		{813D2413-9832-884A-E2CF-082B39BC3EDC}.Debug|Any CPU.Build.0 = Debug|Any CPU
		{813D2413-9832-884A-E2CF-082B39BC3EDC}.Release|Any CPU.ActiveCfg = Release|Any CPU
		{813D2413-9832-884A-E2CF-082B39BC3EDC}.Release|Any CPU.Build.0 = Release|Any CPU
		{81221F20-98F3-5414-2E0E-06F211134770}.Debug|Any CPU.ActiveCfg = Debug|Any CPU
		{81221F20-98F3-5414-2E0E-06F211134770}.Debug|Any CPU.Build.0 = Debug|Any CPU
		{81221F20-98F3-5414-2E0E-06F211134770}.Release|Any CPU.ActiveCfg = Release|Any CPU
		{81221F20-98F3-5414-2E0E-06F211134770}.Release|Any CPU.Build.0 = Release|Any CPU
		{133A108D-BFB8-6049-53F7-A2AE40691919}.Debug|Any CPU.ActiveCfg = Debug|Any CPU
		{133A108D-BFB8-6049-53F7-A2AE40691919}.Debug|Any CPU.Build.0 = Debug|Any CPU
		{133A108D-BFB8-6049-53F7-A2AE40691919}.Release|Any CPU.ActiveCfg = Release|Any CPU
		{133A108D-BFB8-6049-53F7-A2AE40691919}.Release|Any CPU.Build.0 = Release|Any CPU
	EndGlobalSection
	GlobalSection(SolutionProperties) = preSolution
		HideSolutionNode = FALSE
	EndGlobalSection
EndGlobal
